
Microsoft Visual Studio Solution File, Format Version 12.00
# Visual Studio Version 17
VisualStudioVersion = 17.5.33502.453
MinimumVisualStudioVersion = 10.0.40219.1
Project("{9A19103F-16F7-4668-BE54-9A1E7A4F7556}") = "BlazorLearning", "BlazorLearning.csproj", "{CB5CE313-881A-45D5-98B2-768BCCCBF7CD}"
EndProject
Project("{2150E333-8FDC-42A3-9474-1A3956D46DE8}") = "Solution Items", "Solution Items", "{AD93D413-A8C2-472E-B7DF-4E3FC7040A94}"
	ProjectSection(SolutionItems) = preProject
		BethanysPieShopHRM.Shared\BethanysPieShopHRM.Shared.csproj = BethanysPieShopHRM.Shared\BethanysPieShopHRM.Shared.csproj
	EndProjectSection
EndProject
Global
	GlobalSection(SolutionConfigurationPlatforms) = preSolution
		Debug|Any CPU = Debug|Any CPU
		Release|Any CPU = Release|Any CPU
	EndGlobalSection
	GlobalSection(ProjectConfigurationPlatforms) = postSolution
		{CB5CE313-881A-45D5-98B2-768BCCCBF7CD}.Debug|Any CPU.ActiveCfg = Debug|Any CPU
		{CB5CE313-881A-45D5-98B2-768BCCCBF7CD}.Debug|Any CPU.Build.0 = Debug|Any CPU
		{CB5CE313-881A-45D5-98B2-768BCCCBF7CD}.Release|Any CPU.ActiveCfg = Release|Any CPU
		{CB5CE313-881A-45D5-98B2-768BCCCBF7CD}.Release|Any CPU.Build.0 = Release|Any CPU
	EndGlobalSection
	GlobalSection(SolutionProperties) = preSolution
		HideSolutionNode = FALSE
	EndGlobalSection
	GlobalSection(ExtensibilityGlobals) = postSolution
		SolutionGuid = {DBB00985-B3A4-4AFC-92A6-2787EFCDA77C}
	EndGlobalSection
EndGlobal
